
Microsoft Visual Studio Solution File, Format Version 11.00
# Visual Studio 2010
Project("{FAE04EC0-301F-11D3-BF4B-00C04F79EFBC}") = "PrDispalce", "PrDispalce\PrDispalce.csproj", "{DD084E47-4C5A-4EFA-838E-E62F080DC17B}"
EndProject
Project("{FAE04EC0-301F-11D3-BF4B-00C04F79EFBC}") = "AuxStructureLib", "AuxStructureLib\AuxStructureLib.csproj", "{7753C0F5-7C46-42CC-A19B-017650CD778B}"
EndProject
Global
	GlobalSection(SolutionConfigurationPlatforms) = preSolution
		Debug|Any CPU = Debug|Any CPU
		Debug|x86 = Debug|x86
		Release|Any CPU = Release|Any CPU
		Release|x86 = Release|x86
	EndGlobalSection
	GlobalSection(ProjectConfigurationPlatforms) = postSolution
		{DD084E47-4C5A-4EFA-838E-E62F080DC17B}.Debug|Any CPU.ActiveCfg = Debug|x86
		{DD084E47-4C5A-4EFA-838E-E62F080DC17B}.Debug|x86.ActiveCfg = Debug|x86
		{DD084E47-4C5A-4EFA-838E-E62F080DC17B}.Debug|x86.Build.0 = Debug|x86
		{DD084E47-4C5A-4EFA-838E-E62F080DC17B}.Release|Any CPU.ActiveCfg = Release|x86
		{DD084E47-4C5A-4EFA-838E-E62F080DC17B}.Release|x86.ActiveCfg = Release|x86
		{DD084E47-4C5A-4EFA-838E-E62F080DC17B}.Release|x86.Build.0 = Release|x86
		{7753C0F5-7C46-42CC-A19B-017650CD778B}.Debug|Any CPU.ActiveCfg = Debug|Any CPU
		{7753C0F5-7C46-42CC-A19B-017650CD778B}.Debug|Any CPU.Build.0 = Debug|Any CPU
		{7753C0F5-7C46-42CC-A19B-017650CD778B}.Debug|x86.ActiveCfg = Debug|x86
		{7753C0F5-7C46-42CC-A19B-017650CD778B}.Debug|x86.Build.0 = Debug|x86
		{7753C0F5-7C46-42CC-A19B-017650CD778B}.Release|Any CPU.ActiveCfg = Release|Any CPU
		{7753C0F5-7C46-42CC-A19B-017650CD778B}.Release|Any CPU.Build.0 = Release|Any CPU
		{7753C0F5-7C46-42CC-A19B-017650CD778B}.Release|x86.ActiveCfg = Release|x86
		{7753C0F5-7C46-42CC-A19B-017650CD778B}.Release|x86.Build.0 = Release|x86
	EndGlobalSection
	GlobalSection(SolutionProperties) = preSolution
		HideSolutionNode = FALSE
	EndGlobalSection
EndGlobal
